{
  "name": "l2",
  "version": "1.0.0",
  "lockfileVersion": 1,
  "requires": true,
  "dependencies": {
    "@ledgerhq/devices": {
      "version": "5.22.0",
      "resolved": "https://registry.npmjs.org/@ledgerhq/devices/-/devices-5.22.0.tgz",
      "integrity": "sha512-oJxhee/zlHmIx66zvQQTSpIsHOiiLjALemTX9oUtB4xQwFvoiptPnBCeTDTM9teode7wzk7oE9qdUAZuat+nCg==",
      "requires": {
        "@ledgerhq/errors": "^5.22.0",
        "@ledgerhq/logs": "^5.22.0",
        "rxjs": "^6.6.2"
      }
    },
    "@ledgerhq/errors": {
      "version": "5.22.0",
      "resolved": "https://registry.npmjs.org/@ledgerhq/errors/-/errors-5.22.0.tgz",
      "integrity": "sha512-XDT0meBn39+q+JWzUFXmiFbVYLTy+uHRFMb9napcxyZ0Q/MdKkle9/vkgtvRHjPIkGobklXpyefsgH3BZQHukA=="
    },
    "@ledgerhq/hw-transport": {
      "version": "5.22.0",
      "resolved": "https://registry.npmjs.org/@ledgerhq/hw-transport/-/hw-transport-5.22.0.tgz",
      "integrity": "sha512-MFfkVGYMYnr6fI4XGnJQNLd36JIrRpvd5WBmVSDhCO3UKUER2fJ9koVBGc97o7yXtE5IAlJKF+nR9HZJIa0lRQ==",
      "requires": {
        "@ledgerhq/devices": "^5.22.0",
        "@ledgerhq/errors": "^5.22.0",
        "events": "^3.2.0"
      }
    },
    "@ledgerhq/logs": {
      "version": "5.22.0",
      "resolved": "https://registry.npmjs.org/@ledgerhq/logs/-/logs-5.22.0.tgz",
      "integrity": "sha512-jV4mJxD1aieORm+sK9bYakQd9GMLd7KAxgt2IaxhrTU+QD5Ne47mxQOTys9p7f5w25ujs3R+Px2t3KiMRASHtg=="
    },
    "bip32-path": {
      "version": "0.4.2",
      "resolved": "https://registry.npmjs.org/bip32-path/-/bip32-path-0.4.2.tgz",
      "integrity": "sha1-XbBBataCJxLwd4NuJVe4aXwMfJk="
    },
    "events": {
      "version": "3.2.0",
      "resolved": "https://registry.npmjs.org/events/-/events-3.2.0.tgz",
      "integrity": "sha512-/46HWwbfCX2xTawVfkKLGxMifJYQBWMwY1mjywRtb4c9x8l5NP3KoJtnIOiL1hfdRkIuYhETxQlo62IF8tcnlg=="
    },
    "flow-bin": {
      "version": "0.132.0",
      "resolved": "https://registry.npmjs.org/flow-bin/-/flow-bin-0.132.0.tgz",
      "integrity": "sha512-S1g/vnAyNaLUdajmuUHCMl30qqye12gS6mr4LVyswf1k+JDF4efs6SfKmptuvnpitF3LGCVf0TIffChP8ljwnw==",
      "dev": true
    },
    "rxjs": {
      "version": "6.6.2",
      "resolved": "https://registry.npmjs.org/rxjs/-/rxjs-6.6.2.tgz",
      "integrity": "sha512-BHdBMVoWC2sL26w//BCu3YzKT4s2jip/WhwsGEDmeKYBhKDZeYezVUnHatYB7L85v5xs0BAQmg6BEYJEKxBabg==",
      "requires": {
        "tslib": "^1.9.0"
      }
    },
    "tslib": {
      "version": "1.13.0",
      "resolved": "https://registry.npmjs.org/tslib/-/tslib-1.13.0.tgz",
      "integrity": "sha512-i/6DQjL8Xf3be4K/E6Wgpekn5Qasl1usyw++dAA35Ue5orEn65VIxOA+YvNNl9HV3qv70T7CNwjODHZrLwvd1Q=="
    }
  }
}
